
Microsoft Visual Studio Solution File, Format Version 12.00
# Visual Studio Version 17
VisualStudioVersion = 17.13.35919.96 d17.13
MinimumVisualStudioVersion = 10.0.40219.1
Project("{FAE04EC0-301F-11D3-BF4B-00C04F79EFBC}") = "EvenOdd", "EvenOdd\EvenOdd.csproj", "{F74F9F0F-41DA-4FFE-8E37-E3A28D214648}"
EndProject
Global
	GlobalSection(SolutionConfigurationPlatforms) = preSolution
		Debug|Any CPU = Debug|Any CPU
		Release|Any CPU = Release|Any CPU
	EndGlobalSection
	GlobalSection(ProjectConfigurationPlatforms) = postSolution
		{F74F9F0F-41DA-4FFE-8E37-E3A28D214648}.Debug|Any CPU.ActiveCfg = Debug|Any CPU
		{F74F9F0F-41DA-4FFE-8E37-E3A28D214648}.Debug|Any CPU.Build.0 = Debug|Any CPU
		{F74F9F0F-41DA-4FFE-8E37-E3A28D214648}.Release|Any CPU.ActiveCfg = Release|Any CPU
		{F74F9F0F-41DA-4FFE-8E37-E3A28D214648}.Release|Any CPU.Build.0 = Release|Any CPU
	EndGlobalSection
	GlobalSection(SolutionProperties) = preSolution
		HideSolutionNode = FALSE
	EndGlobalSection
	GlobalSection(ExtensibilityGlobals) = postSolution
		SolutionGuid = {FDE0BA02-39DA-402C-8A77-B58666F2AEB5}
	EndGlobalSection
EndGlobal
